
Microsoft Visual Studio Solution File, Format Version 12.00
# Visual Studio 15
VisualStudioVersion = 15.0.27428.2037
MinimumVisualStudioVersion = 10.0.40219.1
Project("{FAE04EC0-301F-11D3-BF4B-00C04F79EFBC}") = "OefJaPa", "OefJaPa\OefJaPa.csproj", "{B5CFC273-2DFC-4005-84E8-C99F832EA470}"
EndProject
Project("{FAE04EC0-301F-11D3-BF4B-00C04F79EFBC}") = "Opd002", "Opd002\Opd002.csproj", "{50744746-089B-4A9C-9673-41A4FF2533AE}"
EndProject
Project("{FAE04EC0-301F-11D3-BF4B-00C04F79EFBC}") = "Opd003", "Opd003\Opd003.csproj", "{BC53431A-8DA8-4A53-9CEB-96561229B4EE}"
EndProject
Project("{FAE04EC0-301F-11D3-BF4B-00C04F79EFBC}") = "Opd004", "Opd004\Opd004.csproj", "{A802178C-9024-4007-9F51-E1AAB1CE64E9}"
EndProject
Project("{FAE04EC0-301F-11D3-BF4B-00C04F79EFBC}") = "Opd005", "Opd005\Opd005.csproj", "{75E78806-A71F-4946-B359-1A18D1CD6118}"
EndProject
Project("{FAE04EC0-301F-11D3-BF4B-00C04F79EFBC}") = "Opd007", "Opd007\Opd007.csproj", "{E7997677-B92C-4F15-A319-3250D3F68574}"
EndProject
Project("{FAE04EC0-301F-11D3-BF4B-00C04F79EFBC}") = "Opd411", "Opd411\Opd411.csproj", "{8DB67CA6-0A17-44E4-BA80-D3CF05E148B4}"
EndProject
Project("{FAE04EC0-301F-11D3-BF4B-00C04F79EFBC}") = "Opd509", "Opd509\Opd509.csproj", "{ACBDA940-1E0C-4EE3-B2C6-DC9C47F584E8}"
EndProject
Project("{FAE04EC0-301F-11D3-BF4B-00C04F79EFBC}") = "Opd527", "Opd527\Opd527.csproj", "{DEB8E0E3-597E-4DF1-83BA-8A8709DC868F}"
EndProject
Project("{FAE04EC0-301F-11D3-BF4B-00C04F79EFBC}") = "Opd716", "Opd716\Opd716.csproj", "{66F4E34D-3816-4A78-A3DC-238C7076B627}"
EndProject
Project("{FAE04EC0-301F-11D3-BF4B-00C04F79EFBC}") = "Opd801", "Opd801\Opd801.csproj", "{34D3250D-B7F8-4B8C-BF46-59F44F748B8E}"
EndProject
Project("{FAE04EC0-301F-11D3-BF4B-00C04F79EFBC}") = "Opd111", "Opd111\Opd111.csproj", "{8DCF746F-5397-4532-A7A5-E6EE0A326D25}"
EndProject
Project("{FAE04EC0-301F-11D3-BF4B-00C04F79EFBC}") = "BlackJack", "BlackJack\BlackJack.csproj", "{B80B463B-5BA5-44DA-A68E-7BBF0623F637}"
EndProject
Global
	GlobalSection(SolutionConfigurationPlatforms) = preSolution
		Debug|Any CPU = Debug|Any CPU
		Release|Any CPU = Release|Any CPU
	EndGlobalSection
	GlobalSection(ProjectConfigurationPlatforms) = postSolution
		{B5CFC273-2DFC-4005-84E8-C99F832EA470}.Debug|Any CPU.ActiveCfg = Debug|Any CPU
		{B5CFC273-2DFC-4005-84E8-C99F832EA470}.Debug|Any CPU.Build.0 = Debug|Any CPU
		{B5CFC273-2DFC-4005-84E8-C99F832EA470}.Release|Any CPU.ActiveCfg = Release|Any CPU
		{B5CFC273-2DFC-4005-84E8-C99F832EA470}.Release|Any CPU.Build.0 = Release|Any CPU
		{50744746-089B-4A9C-9673-41A4FF2533AE}.Debug|Any CPU.ActiveCfg = Debug|Any CPU
		{50744746-089B-4A9C-9673-41A4FF2533AE}.Debug|Any CPU.Build.0 = Debug|Any CPU
		{50744746-089B-4A9C-9673-41A4FF2533AE}.Release|Any CPU.ActiveCfg = Release|Any CPU
		{50744746-089B-4A9C-9673-41A4FF2533AE}.Release|Any CPU.Build.0 = Release|Any CPU
		{BC53431A-8DA8-4A53-9CEB-96561229B4EE}.Debug|Any CPU.ActiveCfg = Debug|Any CPU
		{BC53431A-8DA8-4A53-9CEB-96561229B4EE}.Debug|Any CPU.Build.0 = Debug|Any CPU
		{BC53431A-8DA8-4A53-9CEB-96561229B4EE}.Release|Any CPU.ActiveCfg = Release|Any CPU
		{BC53431A-8DA8-4A53-9CEB-96561229B4EE}.Release|Any CPU.Build.0 = Release|Any CPU
		{A802178C-9024-4007-9F51-E1AAB1CE64E9}.Debug|Any CPU.ActiveCfg = Debug|Any CPU
		{A802178C-9024-4007-9F51-E1AAB1CE64E9}.Debug|Any CPU.Build.0 = Debug|Any CPU
		{A802178C-9024-4007-9F51-E1AAB1CE64E9}.Release|Any CPU.ActiveCfg = Release|Any CPU
		{A802178C-9024-4007-9F51-E1AAB1CE64E9}.Release|Any CPU.Build.0 = Release|Any CPU
		{75E78806-A71F-4946-B359-1A18D1CD6118}.Debug|Any CPU.ActiveCfg = Debug|Any CPU
		{75E78806-A71F-4946-B359-1A18D1CD6118}.Debug|Any CPU.Build.0 = Debug|Any CPU
		{75E78806-A71F-4946-B359-1A18D1CD6118}.Release|Any CPU.ActiveCfg = Release|Any CPU
		{75E78806-A71F-4946-B359-1A18D1CD6118}.Release|Any CPU.Build.0 = Release|Any CPU
		{E7997677-B92C-4F15-A319-3250D3F68574}.Debug|Any CPU.ActiveCfg = Debug|Any CPU
		{E7997677-B92C-4F15-A319-3250D3F68574}.Debug|Any CPU.Build.0 = Debug|Any CPU
		{E7997677-B92C-4F15-A319-3250D3F68574}.Release|Any CPU.ActiveCfg = Release|Any CPU
		{E7997677-B92C-4F15-A319-3250D3F68574}.Release|Any CPU.Build.0 = Release|Any CPU
		{8DB67CA6-0A17-44E4-BA80-D3CF05E148B4}.Debug|Any CPU.ActiveCfg = Debug|Any CPU
		{8DB67CA6-0A17-44E4-BA80-D3CF05E148B4}.Debug|Any CPU.Build.0 = Debug|Any CPU
		{8DB67CA6-0A17-44E4-BA80-D3CF05E148B4}.Release|Any CPU.ActiveCfg = Release|Any CPU
		{8DB67CA6-0A17-44E4-BA80-D3CF05E148B4}.Release|Any CPU.Build.0 = Release|Any CPU
		{ACBDA940-1E0C-4EE3-B2C6-DC9C47F584E8}.Debug|Any CPU.ActiveCfg = Debug|Any CPU
		{ACBDA940-1E0C-4EE3-B2C6-DC9C47F584E8}.Debug|Any CPU.Build.0 = Debug|Any CPU
		{ACBDA940-1E0C-4EE3-B2C6-DC9C47F584E8}.Release|Any CPU.ActiveCfg = Release|Any CPU
		{ACBDA940-1E0C-4EE3-B2C6-DC9C47F584E8}.Release|Any CPU.Build.0 = Release|Any CPU
		{DEB8E0E3-597E-4DF1-83BA-8A8709DC868F}.Debug|Any CPU.ActiveCfg = Debug|Any CPU
		{DEB8E0E3-597E-4DF1-83BA-8A8709DC868F}.Debug|Any CPU.Build.0 = Debug|Any CPU
		{DEB8E0E3-597E-4DF1-83BA-8A8709DC868F}.Release|Any CPU.ActiveCfg = Release|Any CPU
		{DEB8E0E3-597E-4DF1-83BA-8A8709DC868F}.Release|Any CPU.Build.0 = Release|Any CPU
		{66F4E34D-3816-4A78-A3DC-238C7076B627}.Debug|Any CPU.ActiveCfg = Debug|Any CPU
		{66F4E34D-3816-4A78-A3DC-238C7076B627}.Debug|Any CPU.Build.0 = Debug|Any CPU
		{66F4E34D-3816-4A78-A3DC-238C7076B627}.Release|Any CPU.ActiveCfg = Release|Any CPU
		{66F4E34D-3816-4A78-A3DC-238C7076B627}.Release|Any CPU.Build.0 = Release|Any CPU
		{34D3250D-B7F8-4B8C-BF46-59F44F748B8E}.Debug|Any CPU.ActiveCfg = Debug|Any CPU
		{34D3250D-B7F8-4B8C-BF46-59F44F748B8E}.Debug|Any CPU.Build.0 = Debug|Any CPU
		{34D3250D-B7F8-4B8C-BF46-59F44F748B8E}.Release|Any CPU.ActiveCfg = Release|Any CPU
		{34D3250D-B7F8-4B8C-BF46-59F44F748B8E}.Release|Any CPU.Build.0 = Release|Any CPU
		{8DCF746F-5397-4532-A7A5-E6EE0A326D25}.Debug|Any CPU.ActiveCfg = Debug|Any CPU
		{8DCF746F-5397-4532-A7A5-E6EE0A326D25}.Debug|Any CPU.Build.0 = Debug|Any CPU
		{8DCF746F-5397-4532-A7A5-E6EE0A326D25}.Release|Any CPU.ActiveCfg = Release|Any CPU
		{8DCF746F-5397-4532-A7A5-E6EE0A326D25}.Release|Any CPU.Build.0 = Release|Any CPU
		{B80B463B-5BA5-44DA-A68E-7BBF0623F637}.Debug|Any CPU.ActiveCfg = Debug|Any CPU
		{B80B463B-5BA5-44DA-A68E-7BBF0623F637}.Debug|Any CPU.Build.0 = Debug|Any CPU
		{B80B463B-5BA5-44DA-A68E-7BBF0623F637}.Release|Any CPU.ActiveCfg = Release|Any CPU
		{B80B463B-5BA5-44DA-A68E-7BBF0623F637}.Release|Any CPU.Build.0 = Release|Any CPU
	EndGlobalSection
	GlobalSection(SolutionProperties) = preSolution
		HideSolutionNode = FALSE
	EndGlobalSection
	GlobalSection(ExtensibilityGlobals) = postSolution
		SolutionGuid = {3A1A5F95-FF83-48AB-81CC-2A6BF4C538F1}
	EndGlobalSection
EndGlobal
